
Microsoft Visual Studio Solution File, Format Version 12.00
# Visual Studio 14
VisualStudioVersion = 14.0.23107.0
MinimumVisualStudioVersion = 10.0.40219.1
Project("{FAE04EC0-301F-11D3-BF4B-00C04F79EFBC}") = "GmailChecker", "GmailChecker\GmailChecker.csproj", "{031B3C85-591A-4401-954A-7F1FD239EA5B}"
EndProject
Project("{FAE04EC0-301F-11D3-BF4B-00C04F79EFBC}") = "GmailApiLib", "GmailApiLib\GmailApiLib.csproj", "{16B31FDD-2360-455E-84B0-53C222B41FC4}"
EndProject
Global
	GlobalSection(SolutionConfigurationPlatforms) = preSolution
		Debug|Any CPU = Debug|Any CPU
		Release|Any CPU = Release|Any CPU
	EndGlobalSection
	GlobalSection(ProjectConfigurationPlatforms) = postSolution
		{031B3C85-591A-4401-954A-7F1FD239EA5B}.Debug|Any CPU.ActiveCfg = Debug|Any CPU
		{031B3C85-591A-4401-954A-7F1FD239EA5B}.Debug|Any CPU.Build.0 = Debug|Any CPU
		{031B3C85-591A-4401-954A-7F1FD239EA5B}.Release|Any CPU.ActiveCfg = Release|Any CPU
		{031B3C85-591A-4401-954A-7F1FD239EA5B}.Release|Any CPU.Build.0 = Release|Any CPU
		{16B31FDD-2360-455E-84B0-53C222B41FC4}.Debug|Any CPU.ActiveCfg = Debug|Any CPU
		{16B31FDD-2360-455E-84B0-53C222B41FC4}.Debug|Any CPU.Build.0 = Debug|Any CPU
		{16B31FDD-2360-455E-84B0-53C222B41FC4}.Release|Any CPU.ActiveCfg = Release|Any CPU
		{16B31FDD-2360-455E-84B0-53C222B41FC4}.Release|Any CPU.Build.0 = Release|Any CPU
	EndGlobalSection
	GlobalSection(SolutionProperties) = preSolution
		HideSolutionNode = FALSE
	EndGlobalSection
EndGlobal
